
Microsoft Visual Studio Solution File, Format Version 12.00
# Visual Studio Version 16
VisualStudioVersion = 16.0.31005.135
MinimumVisualStudioVersion = 10.0.40219.1
Project("{FAE04EC0-301F-11D3-BF4B-00C04F79EFBC}") = "SigBOT", "SigBOT.csproj", "{7C63BF4B-E039-47B4-A4AC-A3F763B01270}"
EndProject
Global
	GlobalSection(SolutionConfigurationPlatforms) = preSolution
		Debug|Any CPU = Debug|Any CPU
		Release|Any CPU = Release|Any CPU
	EndGlobalSection
	GlobalSection(ProjectConfigurationPlatforms) = postSolution
		{7C63BF4B-E039-47B4-A4AC-A3F763B01270}.Debug|Any CPU.ActiveCfg = Debug|Any CPU
		{7C63BF4B-E039-47B4-A4AC-A3F763B01270}.Debug|Any CPU.Build.0 = Debug|Any CPU
		{7C63BF4B-E039-47B4-A4AC-A3F763B01270}.Release|Any CPU.ActiveCfg = Release|Any CPU
		{7C63BF4B-E039-47B4-A4AC-A3F763B01270}.Release|Any CPU.Build.0 = Release|Any CPU
	EndGlobalSection
	GlobalSection(SolutionProperties) = preSolution
		HideSolutionNode = FALSE
	EndGlobalSection
	GlobalSection(ExtensibilityGlobals) = postSolution
		SolutionGuid = {DC1389A5-4392-4465-89DD-A582D58C2455}
	EndGlobalSection
EndGlobal
